{
  "version": 2,
  "dependencies": {
    "net10.0": {
      "Faster.Map": {
        "type": "Direct",
        "requested": "[8.1.1, )",
        "resolved": "8.1.1",
        "contentHash": "x20BLFApZ/vzpmQsvsUC9PpDPqZp0s+pHsRdzFjlikGUPksMuGv8tPcnzlxHHy4Tbey46vjoe/P6LV65JFryQA==",
        "dependencies": {
          "System.IO.Hashing": "10.0.3"
        }
      },
      "System.IO.Hashing": {
        "type": "Transitive",
        "resolved": "10.0.3",
        "contentHash": "La6ICwsdTKhVX+LKN+pvFjQRR3LhLwq3uKdi2knjLzRyPYBSydF4cjXidYxIiTcDD6XVYdsBWQEI8ZxiZ/OdIg=="
      },
      "prest": {
        "type": "Project"
      }
    }
  }
}